
Microsoft Visual Studio Solution File, Format Version 12.00
# Visual Studio Version 17
VisualStudioVersion = 17.0.31903.59
MinimumVisualStudioVersion = 10.0.40219.1
Project("{2150E333-8FDC-42A3-9474-1A3956D46DE8}") = "src", "src", "{827E0CD3-B72D-47B6-A68D-7590B98EB39B}"
EndProject
Project("{FAE04EC0-301F-11D3-BF4B-00C04F79EFBC}") = "WorkTimer.Core", "src\WorkTimer.Core\WorkTimer.Core.csproj", "{0D76A6FF-80C3-4523-BCB6-5E10BD48B0A7}"
EndProject
Project("{FAE04EC0-301F-11D3-BF4B-00C04F79EFBC}") = "WorkTimer.Overlay", "src\WorkTimer.Overlay\WorkTimer.Overlay.csproj", "{956D2C8F-9F04-4B72-949E-14868A431210}"
EndProject
Project("{FAE04EC0-301F-11D3-BF4B-00C04F79EFBC}") = "WorkTimer.Settings", "src\WorkTimer.Settings\WorkTimer.Settings.csproj", "{68F13C86-236E-4004-8BA2-E3CA95FF3AC5}"
EndProject
Global
	GlobalSection(SolutionConfigurationPlatforms) = preSolution
		Debug|Any CPU = Debug|Any CPU
		Debug|x64 = Debug|x64
		Debug|x86 = Debug|x86
		Release|Any CPU = Release|Any CPU
		Release|x64 = Release|x64
		Release|x86 = Release|x86
	EndGlobalSection
	GlobalSection(ProjectConfigurationPlatforms) = postSolution
		{0D76A6FF-80C3-4523-BCB6-5E10BD48B0A7}.Debug|Any CPU.ActiveCfg = Debug|Any CPU
		{0D76A6FF-80C3-4523-BCB6-5E10BD48B0A7}.Debug|Any CPU.Build.0 = Debug|Any CPU
		{0D76A6FF-80C3-4523-BCB6-5E10BD48B0A7}.Debug|x64.ActiveCfg = Debug|Any CPU
		{0D76A6FF-80C3-4523-BCB6-5E10BD48B0A7}.Debug|x64.Build.0 = Debug|Any CPU
		{0D76A6FF-80C3-4523-BCB6-5E10BD48B0A7}.Debug|x86.ActiveCfg = Debug|Any CPU
		{0D76A6FF-80C3-4523-BCB6-5E10BD48B0A7}.Debug|x86.Build.0 = Debug|Any CPU
		{0D76A6FF-80C3-4523-BCB6-5E10BD48B0A7}.Release|Any CPU.ActiveCfg = Release|Any CPU
		{0D76A6FF-80C3-4523-BCB6-5E10BD48B0A7}.Release|Any CPU.Build.0 = Release|Any CPU
		{0D76A6FF-80C3-4523-BCB6-5E10BD48B0A7}.Release|x64.ActiveCfg = Release|Any CPU
		{0D76A6FF-80C3-4523-BCB6-5E10BD48B0A7}.Release|x64.Build.0 = Release|Any CPU
		{0D76A6FF-80C3-4523-BCB6-5E10BD48B0A7}.Release|x86.ActiveCfg = Release|Any CPU
		{0D76A6FF-80C3-4523-BCB6-5E10BD48B0A7}.Release|x86.Build.0 = Release|Any CPU
		{956D2C8F-9F04-4B72-949E-14868A431210}.Debug|Any CPU.ActiveCfg = Debug|Any CPU
		{956D2C8F-9F04-4B72-949E-14868A431210}.Debug|Any CPU.Build.0 = Debug|Any CPU
		{956D2C8F-9F04-4B72-949E-14868A431210}.Debug|x64.ActiveCfg = Debug|Any CPU
		{956D2C8F-9F04-4B72-949E-14868A431210}.Debug|x64.Build.0 = Debug|Any CPU
		{956D2C8F-9F04-4B72-949E-14868A431210}.Debug|x86.ActiveCfg = Debug|Any CPU
		{956D2C8F-9F04-4B72-949E-14868A431210}.Debug|x86.Build.0 = Debug|Any CPU
		{956D2C8F-9F04-4B72-949E-14868A431210}.Release|Any CPU.ActiveCfg = Release|Any CPU
		{956D2C8F-9F04-4B72-949E-14868A431210}.Release|Any CPU.Build.0 = Release|Any CPU
		{956D2C8F-9F04-4B72-949E-14868A431210}.Release|x64.ActiveCfg = Release|Any CPU
		{956D2C8F-9F04-4B72-949E-14868A431210}.Release|x64.Build.0 = Release|Any CPU
		{956D2C8F-9F04-4B72-949E-14868A431210}.Release|x86.ActiveCfg = Release|Any CPU
		{956D2C8F-9F04-4B72-949E-14868A431210}.Release|x86.Build.0 = Release|Any CPU
		{68F13C86-236E-4004-8BA2-E3CA95FF3AC5}.Debug|Any CPU.ActiveCfg = Debug|Any CPU
		{68F13C86-236E-4004-8BA2-E3CA95FF3AC5}.Debug|Any CPU.Build.0 = Debug|Any CPU
		{68F13C86-236E-4004-8BA2-E3CA95FF3AC5}.Debug|x64.ActiveCfg = Debug|Any CPU
		{68F13C86-236E-4004-8BA2-E3CA95FF3AC5}.Debug|x64.Build.0 = Debug|Any CPU
		{68F13C86-236E-4004-8BA2-E3CA95FF3AC5}.Debug|x86.ActiveCfg = Debug|Any CPU
		{68F13C86-236E-4004-8BA2-E3CA95FF3AC5}.Debug|x86.Build.0 = Debug|Any CPU
		{68F13C86-236E-4004-8BA2-E3CA95FF3AC5}.Release|Any CPU.ActiveCfg = Release|Any CPU
		{68F13C86-236E-4004-8BA2-E3CA95FF3AC5}.Release|Any CPU.Build.0 = Release|Any CPU
		{68F13C86-236E-4004-8BA2-E3CA95FF3AC5}.Release|x64.ActiveCfg = Release|Any CPU
		{68F13C86-236E-4004-8BA2-E3CA95FF3AC5}.Release|x64.Build.0 = Release|Any CPU
		{68F13C86-236E-4004-8BA2-E3CA95FF3AC5}.Release|x86.ActiveCfg = Release|Any CPU
		{68F13C86-236E-4004-8BA2-E3CA95FF3AC5}.Release|x86.Build.0 = Release|Any CPU
	EndGlobalSection
	GlobalSection(SolutionProperties) = preSolution
		HideSolutionNode = FALSE
	EndGlobalSection
	GlobalSection(NestedProjects) = preSolution
		{0D76A6FF-80C3-4523-BCB6-5E10BD48B0A7} = {827E0CD3-B72D-47B6-A68D-7590B98EB39B}
		{956D2C8F-9F04-4B72-949E-14868A431210} = {827E0CD3-B72D-47B6-A68D-7590B98EB39B}
		{68F13C86-236E-4004-8BA2-E3CA95FF3AC5} = {827E0CD3-B72D-47B6-A68D-7590B98EB39B}
	EndGlobalSection
EndGlobal
